
Microsoft Visual Studio Solution File, Format Version 12.00
# Visual Studio Version 17
VisualStudioVersion = 17.7.34202.233
MinimumVisualStudioVersion = 10.0.40219.1
Project("{FAE04EC0-301F-11D3-BF4B-00C04F79EFBC}") = "P2 U3 #9", "P2 U3 #9.csproj", "{F05A8020-A5B9-4427-9034-250FC86DCEF3}"
EndProject
Global
	GlobalSection(SolutionConfigurationPlatforms) = preSolution
		Debug|Any CPU = Debug|Any CPU
		Release|Any CPU = Release|Any CPU
	EndGlobalSection
	GlobalSection(ProjectConfigurationPlatforms) = postSolution
		{F05A8020-A5B9-4427-9034-250FC86DCEF3}.Debug|Any CPU.ActiveCfg = Debug|Any CPU
		{F05A8020-A5B9-4427-9034-250FC86DCEF3}.Debug|Any CPU.Build.0 = Debug|Any CPU
		{F05A8020-A5B9-4427-9034-250FC86DCEF3}.Release|Any CPU.ActiveCfg = Release|Any CPU
		{F05A8020-A5B9-4427-9034-250FC86DCEF3}.Release|Any CPU.Build.0 = Release|Any CPU
	EndGlobalSection
	GlobalSection(SolutionProperties) = preSolution
		HideSolutionNode = FALSE
	EndGlobalSection
	GlobalSection(ExtensibilityGlobals) = postSolution
		SolutionGuid = {10A9F183-809F-42F8-9778-CB46E524757A}
	EndGlobalSection
EndGlobal
